# This file was autogenerated by Stack.
# You should not edit this file by hand.
# For more information, please see the documentation at:
#   https://docs.haskellstack.org/en/stable/lock_files

packages:
- completed:
    hackage: set-extra-1.4.2@sha256:a1a3899d7ae01cd72dfd4691ae77cf26e8867731dff70e61307f25ddc7fd875d,564
    pantry-tree:
      sha256: 439f8bd6732a4d250a9e565c5bbcf393f3374e8e346e634494efd62b388fe810
      size: 268
  original:
    hackage: set-extra-1.4.2
- completed:
    commit: dd346c0c8c72979b8d195d241a8a19258745b134
    git: https://git.ps.informatik.uni-kiel.de/curry/curry-frontend.git
    name: curry-frontend
    pantry-tree:
      sha256: 3b2f6df898d989bf51fe83ee6bd73383e06fe07d1606dd0c0386ad6375c73109
      size: 17097
    version: 2.1.1
  original:
    commit: dd346c0c8c72979b8d195d241a8a19258745b134
    git: https://git.ps.informatik.uni-kiel.de/curry/curry-frontend.git
snapshots:
- completed:
    sha256: 795b7a893148a42f09956611a0fa1139293fe6ef934d053468d8e53e3e013390
    size: 719577
    url: https://raw.githubusercontent.com/commercialhaskell/stackage-snapshots/master/lts/22/30.yaml
  original: lts-22.30
