# This file was autogenerated by Stack.
# You should not edit this file by hand.
# For more information, please see the documentation at:
#   https://docs.haskellstack.org/en/stable/lock_files

packages:
- completed:
    hackage: set-extra-1.4.1@sha256:c58aa620704f609f289953e7c1f9c1653fd1498f0984b0f03a3f8f38f7ed5a84,533
    pantry-tree:
      size: 268
      sha256: 3b6f94160b9d868f341d841de0e3e9f354ae90b5817b171e2bb68fd67cf2790c
  original:
    hackage: set-extra-1.4.1@sha256:c58aa620704f609f289953e7c1f9c1653fd1498f0984b0f03a3f8f38f7ed5a84,533
- completed:
    hackage: bytestring-trie-0.2.5.0@sha256:9efa9c6f556314d28486be2470ff789419c5238ed2e354870623a3cbbd28fbe2,3349
    pantry-tree:
      size: 705
      sha256: bdc13e00a60830edee41119af62b7203602377ccd81a6555c4fea95b0cb3a252
  original:
    hackage: bytestring-trie-0.2.5.0@sha256:9efa9c6f556314d28486be2470ff789419c5238ed2e354870623a3cbbd28fbe2,3349
- completed:
    hackage: haskell-lsp-0.20.0.0@sha256:819b31397450b8cd3bdb944d3844236158e518572aa846d6f80679867773c424,5315
    pantry-tree:
      size: 1726
      sha256: b9a2dc73a29f587cc3a98cc41966160a6431aa963dc019c147553aa0d8038617
  original:
    hackage: haskell-lsp-0.20.0.0
- completed:
    hackage: haskell-lsp-types-0.20.0.0@sha256:24dcd72f3d39260b9ebb447e89175e09f2244a17d24eca8bf6dbea3f9cf20977,2941
    pantry-tree:
      size: 2451
      sha256: 8d4a6011264f75f301e14549d40327f90bd7524b0c647983cd571bf3419f7945
  original:
    hackage: haskell-lsp-types-0.20.0.0
- completed:
    cabal-file:
      size: 2536
      sha256: 041e8bf65a3fea43fd4d5ffba67ca95b6f5f10101d101d9bab446c616df13e2e
    name: curry-base
    version: 1.2.0
    git: https://git.ps.informatik.uni-kiel.de/curry/curry-base.git
    pantry-tree:
      size: 3790
      sha256: 3c5ffb4f443ace4e6fd80ae1ee341c855dd96c281a54b86fd38626452a2297ab
    commit: 56d707053d159cfe6b283aa30fe7361f007a2752
  original:
    git: https://git.ps.informatik.uni-kiel.de/curry/curry-base.git
    commit: 56d707053d159cfe6b283aa30fe7361f007a2752
- completed:
    cabal-file:
      size: 4319
      sha256: eeaee59c8eddde7c250c13ad9d9f1bd5d0771eb5b392b70ef2586695174879ed
    name: curry-frontend
    version: 2.0.0
    git: https://git.ps.informatik.uni-kiel.de/curry/curry-frontend.git
    pantry-tree:
      size: 14825
      sha256: 9621c8e978ae12bd19721bfcb8f488c26e7d2baeafcf8b65c06a4806cb817cd6
    commit: 8fba4c4f127d833d2668ca121cf5d7d4a159c043
  original:
    git: https://git.ps.informatik.uni-kiel.de/curry/curry-frontend.git
    commit: 8fba4c4f127d833d2668ca121cf5d7d4a159c043
snapshots:
- completed:
    size: 524164
    url: https://raw.githubusercontent.com/commercialhaskell/stackage-snapshots/master/lts/14/22.yaml
    sha256: 7ad8f33179b32d204165a3a662c6269464a47a7e65a30abc38d01b5a38ec42c0
  original: lts-14.22
